
Microsoft Visual Studio Solution File, Format Version 12.00
# Visual Studio 2012
Project("{FAE04EC0-301F-11D3-BF4B-00C04F79EFBC}") = "SolutionLevel", "solutionlevel\SolutionLevel.csproj", "{B0B1C32A-53FC-4B7E-BA60-6DAFB8180A42}"
EndProject
Project("{2150E333-8FDC-42A3-9474-1A3956D46DE8}") = ".nuget", ".nuget", "{FA1C5295-F768-49E5-94B9-981C4C7D7F8A}"
	ProjectSection(SolutionItems) = preProject
		.nuget\NuGet.Config = .nuget\NuGet.Config
		.nuget\NuGet.exe = .nuget\NuGet.exe
		.nuget\NuGet.targets = .nuget\NuGet.targets
		.nuget\packages.config = .nuget\packages.config
	EndProjectSection
EndProject
Project("{2150E333-8FDC-42A3-9474-1A3956D46DE8}") = "Solution Items", "Solution Items", "{71451933-14DA-4EB2-9702-1701EE317D98}"
	ProjectSection(SolutionItems) = preProject
		BaseConfiguration.targets = BaseConfiguration.targets
		..\nuget.config = ..\nuget.config
		..\packages.config = ..\packages.config
		..\version.xml = ..\version.xml
	EndProjectSection
EndProject
Project("{FAE04EC0-301F-11D3-BF4B-00C04F79EFBC}") = "nAdoni", "nAdoni\nAdoni.csproj", "{DEC5CBB3-A634-4CD0-9FF3-36301248782F}"
EndProject
Project("{FAE04EC0-301F-11D3-BF4B-00C04F79EFBC}") = "nAdoni.ManifestBuilder", "nAdoni.ManifestBuilder\nAdoni.ManifestBuilder.csproj", "{85D035C4-146E-45F0-84C6-0CD2F8BDAB93}"
EndProject
Project("{FAE04EC0-301F-11D3-BF4B-00C04F79EFBC}") = "nAdoni.KeyGenerator", "nAdoni.KeyGenerator\nAdoni.KeyGenerator.csproj", "{88974A1C-A947-4AB4-B7D9-C1433707AA22}"
EndProject
Global
	GlobalSection(SolutionConfigurationPlatforms) = preSolution
		Debug|Any CPU = Debug|Any CPU
		Deploy|Any CPU = Deploy|Any CPU
		Release|Any CPU = Release|Any CPU
	EndGlobalSection
	GlobalSection(ProjectConfigurationPlatforms) = postSolution
		{B0B1C32A-53FC-4B7E-BA60-6DAFB8180A42}.Debug|Any CPU.ActiveCfg = Debug|Any CPU
		{B0B1C32A-53FC-4B7E-BA60-6DAFB8180A42}.Debug|Any CPU.Build.0 = Debug|Any CPU
		{B0B1C32A-53FC-4B7E-BA60-6DAFB8180A42}.Deploy|Any CPU.ActiveCfg = Deploy|Any CPU
		{B0B1C32A-53FC-4B7E-BA60-6DAFB8180A42}.Deploy|Any CPU.Build.0 = Deploy|Any CPU
		{B0B1C32A-53FC-4B7E-BA60-6DAFB8180A42}.Release|Any CPU.ActiveCfg = Release|Any CPU
		{B0B1C32A-53FC-4B7E-BA60-6DAFB8180A42}.Release|Any CPU.Build.0 = Release|Any CPU
		{DEC5CBB3-A634-4CD0-9FF3-36301248782F}.Debug|Any CPU.ActiveCfg = Debug|Any CPU
		{DEC5CBB3-A634-4CD0-9FF3-36301248782F}.Debug|Any CPU.Build.0 = Debug|Any CPU
		{DEC5CBB3-A634-4CD0-9FF3-36301248782F}.Deploy|Any CPU.ActiveCfg = Deploy|Any CPU
		{DEC5CBB3-A634-4CD0-9FF3-36301248782F}.Deploy|Any CPU.Build.0 = Deploy|Any CPU
		{DEC5CBB3-A634-4CD0-9FF3-36301248782F}.Release|Any CPU.ActiveCfg = Release|Any CPU
		{DEC5CBB3-A634-4CD0-9FF3-36301248782F}.Release|Any CPU.Build.0 = Release|Any CPU
		{85D035C4-146E-45F0-84C6-0CD2F8BDAB93}.Debug|Any CPU.ActiveCfg = Debug|Any CPU
		{85D035C4-146E-45F0-84C6-0CD2F8BDAB93}.Debug|Any CPU.Build.0 = Debug|Any CPU
		{85D035C4-146E-45F0-84C6-0CD2F8BDAB93}.Deploy|Any CPU.ActiveCfg = Deploy|Any CPU
		{85D035C4-146E-45F0-84C6-0CD2F8BDAB93}.Deploy|Any CPU.Build.0 = Deploy|Any CPU
		{85D035C4-146E-45F0-84C6-0CD2F8BDAB93}.Release|Any CPU.ActiveCfg = Release|Any CPU
		{85D035C4-146E-45F0-84C6-0CD2F8BDAB93}.Release|Any CPU.Build.0 = Release|Any CPU
		{88974A1C-A947-4AB4-B7D9-C1433707AA22}.Debug|Any CPU.ActiveCfg = Debug|Any CPU
		{88974A1C-A947-4AB4-B7D9-C1433707AA22}.Debug|Any CPU.Build.0 = Debug|Any CPU
		{88974A1C-A947-4AB4-B7D9-C1433707AA22}.Deploy|Any CPU.ActiveCfg = Deploy|Any CPU
		{88974A1C-A947-4AB4-B7D9-C1433707AA22}.Deploy|Any CPU.Build.0 = Deploy|Any CPU
		{88974A1C-A947-4AB4-B7D9-C1433707AA22}.Release|Any CPU.ActiveCfg = Release|Any CPU
		{88974A1C-A947-4AB4-B7D9-C1433707AA22}.Release|Any CPU.Build.0 = Release|Any CPU
	EndGlobalSection
	GlobalSection(SolutionProperties) = preSolution
		HideSolutionNode = FALSE
	EndGlobalSection
EndGlobal
